
Microsoft Visual Studio Solution File, Format Version 12.00
# Visual Studio Version 17
VisualStudioVersion = 17.9.34728.123
MinimumVisualStudioVersion = 10.0.40219.1
Project("{8BC9CEB8-8B4A-11D0-8D11-00A0C91BC942}") = "ReadyOrNotCheat", "ReadyOrNotCheat\ReadyOrNotCheat.vcxproj", "{41F53198-21A9-4A36-87A5-A456873E5AC8}"
	ProjectSection(ProjectDependencies) = postProject
		{B875BCC2-E433-4E6B-A9F4-674F8100B236} = {B875BCC2-E433-4E6B-A9F4-674F8100B236}
	EndProjectSection
EndProject
Project("{8BC9CEB8-8B4A-11D0-8D11-00A0C91BC942}") = "d3dll", "d3dII\d3dII.vcxproj", "{B875BCC2-E433-4E6B-A9F4-674F8100B236}"
EndProject
Project("{2150E333-8FDC-42A3-9474-1A3956D46DE8}") = "Solution Items", "Solution Items", "{3FC760C3-A406-4A26-9806-023C33CBBDDD}"
	ProjectSection(SolutionItems) = preProject
		README.md = README.md
	EndProjectSection
EndProject
Global
	GlobalSection(SolutionConfigurationPlatforms) = preSolution
		Debug|x64 = Debug|x64
		Debug|x86 = Debug|x86
		Release|x64 = Release|x64
		Release|x86 = Release|x86
	EndGlobalSection
	GlobalSection(ProjectConfigurationPlatforms) = postSolution
		{41F53198-21A9-4A36-87A5-A456873E5AC8}.Debug|x64.ActiveCfg = Debug|x64
		{41F53198-21A9-4A36-87A5-A456873E5AC8}.Debug|x64.Build.0 = Debug|x64
		{41F53198-21A9-4A36-87A5-A456873E5AC8}.Debug|x86.ActiveCfg = Debug|Win32
		{41F53198-21A9-4A36-87A5-A456873E5AC8}.Debug|x86.Build.0 = Debug|Win32
		{41F53198-21A9-4A36-87A5-A456873E5AC8}.Release|x64.ActiveCfg = Release|x64
		{41F53198-21A9-4A36-87A5-A456873E5AC8}.Release|x64.Build.0 = Release|x64
		{41F53198-21A9-4A36-87A5-A456873E5AC8}.Release|x86.ActiveCfg = Release|Win32
		{41F53198-21A9-4A36-87A5-A456873E5AC8}.Release|x86.Build.0 = Release|Win32
		{B875BCC2-E433-4E6B-A9F4-674F8100B236}.Debug|x64.ActiveCfg = Debug|x64
		{B875BCC2-E433-4E6B-A9F4-674F8100B236}.Debug|x64.Build.0 = Debug|x64
		{B875BCC2-E433-4E6B-A9F4-674F8100B236}.Debug|x86.ActiveCfg = Debug|Win32
		{B875BCC2-E433-4E6B-A9F4-674F8100B236}.Debug|x86.Build.0 = Debug|Win32
		{B875BCC2-E433-4E6B-A9F4-674F8100B236}.Release|x64.ActiveCfg = Release|x64
		{B875BCC2-E433-4E6B-A9F4-674F8100B236}.Release|x64.Build.0 = Release|x64
		{B875BCC2-E433-4E6B-A9F4-674F8100B236}.Release|x86.ActiveCfg = Release|Win32
		{B875BCC2-E433-4E6B-A9F4-674F8100B236}.Release|x86.Build.0 = Release|Win32
	EndGlobalSection
	GlobalSection(SolutionProperties) = preSolution
		HideSolutionNode = FALSE
	EndGlobalSection
	GlobalSection(ExtensibilityGlobals) = postSolution
		SolutionGuid = {3AA2054C-8FC5-49D6-A87F-87E095FFE0B3}
	EndGlobalSection
EndGlobal
